// !$*UTF8*$!
{
	archiveVersion = 1;
	classes = {
	};
	objectVersion = 42;
	objects = {

/* Begin PBXBuildFile section */
		242B7CC611550B73007BF7FA /* MainWindow.xib in Resources */ = {isa = PBXBuildFile; fileRef = 242B7CC511550B73007BF7FA /* MainWindow.xib */; };
		242B7DA01155333D007BF7FA /* NoteReader.h in Headers */ = {isa = PBXBuildFile; fileRef = 242B7D9F1155333D007BF7FA /* NoteReader.h */; };
		242B7DCB115535BF007BF7FA /* NoteWriter.h in Headers */ = {isa = PBXBuildFile; fileRef = 242B7DCA115535BF007BF7FA /* NoteWriter.h */; };
		242B7E45115543DD007BF7FA /* CoreFoundation.framework in Frameworks */ = {isa = PBXBuildFile; fileRef = 242B7E44115543DD007BF7FA /* CoreFoundation.framework */; };
		24E2BB24095FC2990033FD40 /* QuickTime.framework in Frameworks */ = {isa = PBXBuildFile; fileRef = 24E2BAFF095FC2990033FD40 /* QuickTime.framework */; };
		24EA1BA51153A93A00AD032F /* AUBase.cpp in Sources */ = {isa = PBXBuildFile; fileRef = 24EA1B691153A93A00AD032F /* AUBase.cpp */; };
		24EA1BA61153A93A00AD032F /* AUBase.h in Headers */ = {isa = PBXBuildFile; fileRef = 24EA1B6A1153A93A00AD032F /* AUBase.h */; };
		24EA1BA71153A93A00AD032F /* AUDispatch.cpp in Sources */ = {isa = PBXBuildFile; fileRef = 24EA1B6B1153A93A00AD032F /* AUDispatch.cpp */; };
		24EA1BA81153A93A00AD032F /* AUDispatch.h in Headers */ = {isa = PBXBuildFile; fileRef = 24EA1B6C1153A93A00AD032F /* AUDispatch.h */; };
		24EA1BA91153A93A00AD032F /* AUInputElement.cpp in Sources */ = {isa = PBXBuildFile; fileRef = 24EA1B6D1153A93A00AD032F /* AUInputElement.cpp */; };
		24EA1BAA1153A93A00AD032F /* AUInputElement.h in Headers */ = {isa = PBXBuildFile; fileRef = 24EA1B6E1153A93A00AD032F /* AUInputElement.h */; };
		24EA1BAB1153A93A00AD032F /* AUOutputElement.cpp in Sources */ = {isa = PBXBuildFile; fileRef = 24EA1B6F1153A93A00AD032F /* AUOutputElement.cpp */; };
		24EA1BAC1153A93A00AD032F /* AUOutputElement.h in Headers */ = {isa = PBXBuildFile; fileRef = 24EA1B701153A93A00AD032F /* AUOutputElement.h */; };
		24EA1BAE1153A93A00AD032F /* AUScopeElement.cpp in Sources */ = {isa = PBXBuildFile; fileRef = 24EA1B721153A93A00AD032F /* AUScopeElement.cpp */; };
		24EA1BAF1153A93A00AD032F /* AUScopeElement.h in Headers */ = {isa = PBXBuildFile; fileRef = 24EA1B731153A93A00AD032F /* AUScopeElement.h */; };
		24EA1BB01153A93A00AD032F /* ComponentBase.cpp in Sources */ = {isa = PBXBuildFile; fileRef = 24EA1B741153A93A00AD032F /* ComponentBase.cpp */; };
		24EA1BB11153A93A00AD032F /* ComponentBase.h in Headers */ = {isa = PBXBuildFile; fileRef = 24EA1B751153A93A00AD032F /* ComponentBase.h */; };
		24EA1BB21153A93A00AD032F /* AUCarbonViewBase.cpp in Sources */ = {isa = PBXBuildFile; fileRef = 24EA1B771153A93A00AD032F /* AUCarbonViewBase.cpp */; };
		24EA1BB31153A93A00AD032F /* AUCarbonViewBase.h in Headers */ = {isa = PBXBuildFile; fileRef = 24EA1B781153A93A00AD032F /* AUCarbonViewBase.h */; };
		24EA1BB41153A93A00AD032F /* AUCarbonViewControl.cpp in Sources */ = {isa = PBXBuildFile; fileRef = 24EA1B791153A93A00AD032F /* AUCarbonViewControl.cpp */; };
		24EA1BB51153A93A00AD032F /* AUCarbonViewControl.h in Headers */ = {isa = PBXBuildFile; fileRef = 24EA1B7A1153A93A00AD032F /* AUCarbonViewControl.h */; };
		24EA1BB61153A93A00AD032F /* AUCarbonViewDispatch.cpp in Sources */ = {isa = PBXBuildFile; fileRef = 24EA1B7B1153A93A00AD032F /* AUCarbonViewDispatch.cpp */; };
		24EA1BB71153A93A00AD032F /* AUControlGroup.cpp in Sources */ = {isa = PBXBuildFile; fileRef = 24EA1B7C1153A93A00AD032F /* AUControlGroup.cpp */; };
		24EA1BB81153A93A00AD032F /* AUControlGroup.h in Headers */ = {isa = PBXBuildFile; fileRef = 24EA1B7D1153A93A00AD032F /* AUControlGroup.h */; };
		24EA1BB91153A93A00AD032F /* CarbonEventHandler.cpp in Sources */ = {isa = PBXBuildFile; fileRef = 24EA1B7E1153A93A00AD032F /* CarbonEventHandler.cpp */; };
		24EA1BBA1153A93A00AD032F /* CarbonEventHandler.h in Headers */ = {isa = PBXBuildFile; fileRef = 24EA1B7F1153A93A00AD032F /* CarbonEventHandler.h */; };
		24EA1BC51153A93A00AD032F /* AUViewLocalizedStringKeys.h in Headers */ = {isa = PBXBuildFile; fileRef = 24EA1B8C1153A93A00AD032F /* AUViewLocalizedStringKeys.h */; };
		24EA1BC61153A93A00AD032F /* AUEffectBase.cpp in Sources */ = {isa = PBXBuildFile; fileRef = 24EA1B8E1153A93A00AD032F /* AUEffectBase.cpp */; };
		24EA1BC71153A93A00AD032F /* AUEffectBase.h in Headers */ = {isa = PBXBuildFile; fileRef = 24EA1B8F1153A93A00AD032F /* AUEffectBase.h */; };
		24EA1BE41153A9D000AD032F /* CoreAudio.framework in Frameworks */ = {isa = PBXBuildFile; fileRef = 8B5C7F83076FB26000A15F61 /* CoreAudio.framework */; };
		24EA1C161153AA3C00AD032F /* CAAUMIDIMap.cpp in Sources */ = {isa = PBXBuildFile; fileRef = 24EA1C071153AA3C00AD032F /* CAAUMIDIMap.cpp */; };
		24EA1C171153AA3C00AD032F /* CAAUMIDIMap.h in Headers */ = {isa = PBXBuildFile; fileRef = 24EA1C081153AA3C00AD032F /* CAAUMIDIMap.h */; };
		24EA1C181153AA3C00AD032F /* CAAUMIDIMapManager.cpp in Sources */ = {isa = PBXBuildFile; fileRef = 24EA1C091153AA3C00AD032F /* CAAUMIDIMapManager.cpp */; };
		24EA1C191153AA3C00AD032F /* CAAUMIDIMapManager.h in Headers */ = {isa = PBXBuildFile; fileRef = 24EA1C0A1153AA3C00AD032F /* CAAUMIDIMapManager.h */; };
		24EA1C1A1153AA3C00AD032F /* CAAUParameter.cpp in Sources */ = {isa = PBXBuildFile; fileRef = 24EA1C0B1153AA3C00AD032F /* CAAUParameter.cpp */; };
		24EA1C1B1153AA3C00AD032F /* CAAUParameter.h in Headers */ = {isa = PBXBuildFile; fileRef = 24EA1C0C1153AA3C00AD032F /* CAAUParameter.h */; };
		24EA1C1C1153AA3C00AD032F /* CAAudioChannelLayout.cpp in Sources */ = {isa = PBXBuildFile; fileRef = 24EA1C0D1153AA3C00AD032F /* CAAudioChannelLayout.cpp */; };
		24EA1C1D1153AA3C00AD032F /* CAAudioChannelLayout.h in Headers */ = {isa = PBXBuildFile; fileRef = 24EA1C0E1153AA3C00AD032F /* CAAudioChannelLayout.h */; };
		24EA1C1E1153AA3C00AD032F /* CAMutex.cpp in Sources */ = {isa = PBXBuildFile; fileRef = 24EA1C0F1153AA3C00AD032F /* CAMutex.cpp */; };
		24EA1C1F1153AA3C00AD032F /* CAMutex.h in Headers */ = {isa = PBXBuildFile; fileRef = 24EA1C101153AA3C00AD032F /* CAMutex.h */; };
		24EA1C201153AA3C00AD032F /* CAStreamBasicDescription.cpp in Sources */ = {isa = PBXBuildFile; fileRef = 24EA1C111153AA3C00AD032F /* CAStreamBasicDescription.cpp */; };
		24EA1C211153AA3C00AD032F /* CAStreamBasicDescription.h in Headers */ = {isa = PBXBuildFile; fileRef = 24EA1C121153AA3C00AD032F /* CAStreamBasicDescription.h */; };
		24EA1C221153AA3C00AD032F /* CAVectorUnitTypes.h in Headers */ = {isa = PBXBuildFile; fileRef = 24EA1C131153AA3C00AD032F /* CAVectorUnitTypes.h */; };
		24EA1C231153AA3C00AD032F /* CAVectorUnit.cpp in Sources */ = {isa = PBXBuildFile; fileRef = 24EA1C141153AA3C00AD032F /* CAVectorUnit.cpp */; };
		24EA1C241153AA3C00AD032F /* CAVectorUnit.h in Headers */ = {isa = PBXBuildFile; fileRef = 24EA1C151153AA3C00AD032F /* CAVectorUnit.h */; };
		24EA1C351153AB1900AD032F /* AUBaseHelper.cpp in Sources */ = {isa = PBXBuildFile; fileRef = 24EA1B9B1153A93A00AD032F /* AUBaseHelper.cpp */; };
		24EA1C361153AB1900AD032F /* AUBaseHelper.h in Headers */ = {isa = PBXBuildFile; fileRef = 24EA1B9C1153A93A00AD032F /* AUBaseHelper.h */; };
		24EA1C371153AB1900AD032F /* AUBuffer.cpp in Sources */ = {isa = PBXBuildFile; fileRef = 24EA1B9D1153A93A00AD032F /* AUBuffer.cpp */; };
		24EA1C381153AB1900AD032F /* AUBuffer.h in Headers */ = {isa = PBXBuildFile; fileRef = 24EA1B9E1153A93A00AD032F /* AUBuffer.h */; };
		24EA1C391153AB1900AD032F /* AUDebugDispatcher.cpp in Sources */ = {isa = PBXBuildFile; fileRef = 24EA1B9F1153A93A00AD032F /* AUDebugDispatcher.cpp */; };
		24EA1C3A1153AB1900AD032F /* AUDebugDispatcher.h in Headers */ = {isa = PBXBuildFile; fileRef = 24EA1BA01153A93A00AD032F /* AUDebugDispatcher.h */; };
		24EA1C3B1153AB1900AD032F /* AUInputFormatConverter.h in Headers */ = {isa = PBXBuildFile; fileRef = 24EA1BA11153A93A00AD032F /* AUInputFormatConverter.h */; };
		24EA1C3C1153AB1900AD032F /* AUSilentTimeout.h in Headers */ = {isa = PBXBuildFile; fileRef = 24EA1BA21153A93A00AD032F /* AUSilentTimeout.h */; };
		24F111CA0AFE5F1800EE38A1 /* defaults.h in Headers */ = {isa = PBXBuildFile; fileRef = 24F111C40AFE5F1800EE38A1 /* defaults.h */; };
		24F111CB0AFE5F1800EE38A1 /* AUNotes.cpp in Sources */ = {isa = PBXBuildFile; fileRef = 24F111C50AFE5F1800EE38A1 /* AUNotes.cpp */; };
		24F111CC0AFE5F1800EE38A1 /* AUNotes.h in Headers */ = {isa = PBXBuildFile; fileRef = 24F111C60AFE5F1800EE38A1 /* AUNotes.h */; };
		24F111CE0AFE5F1800EE38A1 /* AUNotesView.cpp in Sources */ = {isa = PBXBuildFile; fileRef = 24F111C80AFE5F1800EE38A1 /* AUNotesView.cpp */; };
		24F111CF0AFE5F1800EE38A1 /* AUNotesView.h in Headers */ = {isa = PBXBuildFile; fileRef = 24F111C90AFE5F1800EE38A1 /* AUNotesView.h */; };
		24F112620AFE6C3500EE38A1 /* ApplicationServices.framework in Frameworks */ = {isa = PBXBuildFile; fileRef = 24F112610AFE6C3500EE38A1 /* ApplicationServices.framework */; };
		24F112650AFE6C4E00EE38A1 /* System.framework in Frameworks */ = {isa = PBXBuildFile; fileRef = 24F112640AFE6C4E00EE38A1 /* System.framework */; };
		8B4119230749635800361ABE /* AUNotes.r in Rez */ = {isa = PBXBuildFile; fileRef = 8BA05A680720730100365D66 /* AUNotes.r */; };
		8BA05AFC072074E100365D66 /* AudioToolbox.framework in Frameworks */ = {isa = PBXBuildFile; fileRef = 8BA05AF9072074E100365D66 /* AudioToolbox.framework */; };
		8BA05AFD072074E100365D66 /* AudioUnit.framework in Frameworks */ = {isa = PBXBuildFile; fileRef = 8BA05AFA072074E100365D66 /* AudioUnit.framework */; };
		8BA05B02072074F900365D66 /* CoreServices.framework in Frameworks */ = {isa = PBXBuildFile; fileRef = 8BA05B01072074F900365D66 /* CoreServices.framework */; };
		8D01CCC80486CAD60068D4B7 /* prefix.pch in Headers */ = {isa = PBXBuildFile; fileRef = 32BAE0B30371A71500C91783 /* prefix.pch */; };
		8D01CCCA0486CAD60068D4B7 /* InfoPlist.strings in Resources */ = {isa = PBXBuildFile; fileRef = 089C167DFE841241C02AAC07 /* InfoPlist.strings */; };
		8D01CCCE0486CAD60068D4B7 /* Carbon.framework in Frameworks */ = {isa = PBXBuildFile; fileRef = 08EA7FFBFE8413EDC02AAC07 /* Carbon.framework */; };
/* End PBXBuildFile section */

/* Begin PBXFileReference section */
		089C167EFE841241C02AAC07 /* InfoPlist.strings */ = {isa = PBXFileReference; fileEncoding = 10; lastKnownFileType = text.plist.strings; path = InfoPlist.strings; sourceTree = "<group>"; };
		08EA7FFBFE8413EDC02AAC07 /* Carbon.framework */ = {isa = PBXFileReference; lastKnownFileType = wrapper.framework; name = Carbon.framework; path = /System/Library/Frameworks/Carbon.framework; sourceTree = "<absolute>"; };
		242B7CC511550B73007BF7FA /* MainWindow.xib */ = {isa = PBXFileReference; lastKnownFileType = file.xib; name = MainWindow.xib; path = resources/MainWindow.xib; sourceTree = "<group>"; };
		242B7D9F1155333D007BF7FA /* NoteReader.h */ = {isa = PBXFileReference; fileEncoding = 4; lastKnownFileType = sourcecode.c.h; name = NoteReader.h; path = source/NoteReader.h; sourceTree = "<group>"; };
		242B7DCA115535BF007BF7FA /* NoteWriter.h */ = {isa = PBXFileReference; fileEncoding = 4; lastKnownFileType = sourcecode.c.h; name = NoteWriter.h; path = source/NoteWriter.h; sourceTree = "<group>"; };
		242B7E44115543DD007BF7FA /* CoreFoundation.framework */ = {isa = PBXFileReference; lastKnownFileType = wrapper.framework; name = CoreFoundation.framework; path = System/Library/Frameworks/CoreFoundation.framework; sourceTree = SDKROOT; };
		24E2BAFF095FC2990033FD40 /* QuickTime.framework */ = {isa = PBXFileReference; lastKnownFileType = wrapper.framework; name = QuickTime.framework; path = /System/Library/Frameworks/QuickTime.framework; sourceTree = "<absolute>"; };
		24EA1B691153A93A00AD032F /* AUBase.cpp */ = {isa = PBXFileReference; fileEncoding = 4; lastKnownFileType = sourcecode.cpp.cpp; name = AUBase.cpp; path = Extras/CoreAudio/AudioUnits/AUPublic/AUBase/AUBase.cpp; sourceTree = SYSTEM_DEVELOPER_DIR; };
		24EA1B6A1153A93A00AD032F /* AUBase.h */ = {isa = PBXFileReference; fileEncoding = 4; lastKnownFileType = sourcecode.c.h; name = AUBase.h; path = Extras/CoreAudio/AudioUnits/AUPublic/AUBase/AUBase.h; sourceTree = SYSTEM_DEVELOPER_DIR; };
		24EA1B6B1153A93A00AD032F /* AUDispatch.cpp */ = {isa = PBXFileReference; fileEncoding = 4; lastKnownFileType = sourcecode.cpp.cpp; name = AUDispatch.cpp; path = Extras/CoreAudio/AudioUnits/AUPublic/AUBase/AUDispatch.cpp; sourceTree = SYSTEM_DEVELOPER_DIR; };
		24EA1B6C1153A93A00AD032F /* AUDispatch.h */ = {isa = PBXFileReference; fileEncoding = 4; lastKnownFileType = sourcecode.c.h; name = AUDispatch.h; path = Extras/CoreAudio/AudioUnits/AUPublic/AUBase/AUDispatch.h; sourceTree = SYSTEM_DEVELOPER_DIR; };
		24EA1B6D1153A93A00AD032F /* AUInputElement.cpp */ = {isa = PBXFileReference; fileEncoding = 4; lastKnownFileType = sourcecode.cpp.cpp; name = AUInputElement.cpp; path = Extras/CoreAudio/AudioUnits/AUPublic/AUBase/AUInputElement.cpp; sourceTree = SYSTEM_DEVELOPER_DIR; };
		24EA1B6E1153A93A00AD032F /* AUInputElement.h */ = {isa = PBXFileReference; fileEncoding = 4; lastKnownFileType = sourcecode.c.h; name = AUInputElement.h; path = Extras/CoreAudio/AudioUnits/AUPublic/AUBase/AUInputElement.h; sourceTree = SYSTEM_DEVELOPER_DIR; };
		24EA1B6F1153A93A00AD032F /* AUOutputElement.cpp */ = {isa = PBXFileReference; fileEncoding = 4; lastKnownFileType = sourcecode.cpp.cpp; name = AUOutputElement.cpp; path = Extras/CoreAudio/AudioUnits/AUPublic/AUBase/AUOutputElement.cpp; sourceTree = SYSTEM_DEVELOPER_DIR; };
		24EA1B701153A93A00AD032F /* AUOutputElement.h */ = {isa = PBXFileReference; fileEncoding = 4; lastKnownFileType = sourcecode.c.h; name = AUOutputElement.h; path = Extras/CoreAudio/AudioUnits/AUPublic/AUBase/AUOutputElement.h; sourceTree = SYSTEM_DEVELOPER_DIR; };
		24EA1B711153A93A00AD032F /* AUResources.r */ = {isa = PBXFileReference; fileEncoding = 4; lastKnownFileType = sourcecode.rez; name = AUResources.r; path = Extras/CoreAudio/AudioUnits/AUPublic/AUBase/AUResources.r; sourceTree = SYSTEM_DEVELOPER_DIR; };
		24EA1B721153A93A00AD032F /* AUScopeElement.cpp */ = {isa = PBXFileReference; fileEncoding = 4; lastKnownFileType = sourcecode.cpp.cpp; name = AUScopeElement.cpp; path = Extras/CoreAudio/AudioUnits/AUPublic/AUBase/AUScopeElement.cpp; sourceTree = SYSTEM_DEVELOPER_DIR; };
		24EA1B731153A93A00AD032F /* AUScopeElement.h */ = {isa = PBXFileReference; fileEncoding = 4; lastKnownFileType = sourcecode.c.h; name = AUScopeElement.h; path = Extras/CoreAudio/AudioUnits/AUPublic/AUBase/AUScopeElement.h; sourceTree = SYSTEM_DEVELOPER_DIR; };
		24EA1B741153A93A00AD032F /* ComponentBase.cpp */ = {isa = PBXFileReference; fileEncoding = 4; lastKnownFileType = sourcecode.cpp.cpp; name = ComponentBase.cpp; path = Extras/CoreAudio/AudioUnits/AUPublic/AUBase/ComponentBase.cpp; sourceTree = SYSTEM_DEVELOPER_DIR; };
		24EA1B751153A93A00AD032F /* ComponentBase.h */ = {isa = PBXFileReference; fileEncoding = 4; lastKnownFileType = sourcecode.c.h; name = ComponentBase.h; path = Extras/CoreAudio/AudioUnits/AUPublic/AUBase/ComponentBase.h; sourceTree = SYSTEM_DEVELOPER_DIR; };
		24EA1B771153A93A00AD032F /* AUCarbonViewBase.cpp */ = {isa = PBXFileReference; fileEncoding = 4; lastKnownFileType = sourcecode.cpp.cpp; name = AUCarbonViewBase.cpp; path = Extras/CoreAudio/AudioUnits/AUPublic/AUCarbonViewBase/AUCarbonViewBase.cpp; sourceTree = SYSTEM_DEVELOPER_DIR; };
		24EA1B781153A93A00AD032F /* AUCarbonViewBase.h */ = {isa = PBXFileReference; fileEncoding = 4; lastKnownFileType = sourcecode.c.h; name = AUCarbonViewBase.h; path = Extras/CoreAudio/AudioUnits/AUPublic/AUCarbonViewBase/AUCarbonViewBase.h; sourceTree = SYSTEM_DEVELOPER_DIR; };
		24EA1B791153A93A00AD032F /* AUCarbonViewControl.cpp */ = {isa = PBXFileReference; fileEncoding = 4; lastKnownFileType = sourcecode.cpp.cpp; name = AUCarbonViewControl.cpp; path = Extras/CoreAudio/AudioUnits/AUPublic/AUCarbonViewBase/AUCarbonViewControl.cpp; sourceTree = SYSTEM_DEVELOPER_DIR; };
		24EA1B7A1153A93A00AD032F /* AUCarbonViewControl.h */ = {isa = PBXFileReference; fileEncoding = 4; lastKnownFileType = sourcecode.c.h; name = AUCarbonViewControl.h; path = Extras/CoreAudio/AudioUnits/AUPublic/AUCarbonViewBase/AUCarbonViewControl.h; sourceTree = SYSTEM_DEVELOPER_DIR; };
		24EA1B7B1153A93A00AD032F /* AUCarbonViewDispatch.cpp */ = {isa = PBXFileReference; fileEncoding = 4; lastKnownFileType = sourcecode.cpp.cpp; name = AUCarbonViewDispatch.cpp; path = Extras/CoreAudio/AudioUnits/AUPublic/AUCarbonViewBase/AUCarbonViewDispatch.cpp; sourceTree = SYSTEM_DEVELOPER_DIR; };
		24EA1B7C1153A93A00AD032F /* AUControlGroup.cpp */ = {isa = PBXFileReference; fileEncoding = 4; lastKnownFileType = sourcecode.cpp.cpp; name = AUControlGroup.cpp; path = Extras/CoreAudio/AudioUnits/AUPublic/AUCarbonViewBase/AUControlGroup.cpp; sourceTree = SYSTEM_DEVELOPER_DIR; };
		24EA1B7D1153A93A00AD032F /* AUControlGroup.h */ = {isa = PBXFileReference; fileEncoding = 4; lastKnownFileType = sourcecode.c.h; name = AUControlGroup.h; path = Extras/CoreAudio/AudioUnits/AUPublic/AUCarbonViewBase/AUControlGroup.h; sourceTree = SYSTEM_DEVELOPER_DIR; };
		24EA1B7E1153A93A00AD032F /* CarbonEventHandler.cpp */ = {isa = PBXFileReference; fileEncoding = 4; lastKnownFileType = sourcecode.cpp.cpp; name = CarbonEventHandler.cpp; path = Extras/CoreAudio/AudioUnits/AUPublic/AUCarbonViewBase/CarbonEventHandler.cpp; sourceTree = SYSTEM_DEVELOPER_DIR; };
		24EA1B7F1153A93A00AD032F /* CarbonEventHandler.h */ = {isa = PBXFileReference; fileEncoding = 4; lastKnownFileType = sourcecode.c.h; name = CarbonEventHandler.h; path = Extras/CoreAudio/AudioUnits/AUPublic/AUCarbonViewBase/CarbonEventHandler.h; sourceTree = SYSTEM_DEVELOPER_DIR; };
		24EA1B811153A93A00AD032F /* AUInstrumentBase.cpp */ = {isa = PBXFileReference; fileEncoding = 4; lastKnownFileType = sourcecode.cpp.cpp; name = AUInstrumentBase.cpp; path = Extras/CoreAudio/AudioUnits/AUPublic/AUInstrumentBase/AUInstrumentBase.cpp; sourceTree = SYSTEM_DEVELOPER_DIR; };
		24EA1B821153A93A00AD032F /* AUInstrumentBase.h */ = {isa = PBXFileReference; fileEncoding = 4; lastKnownFileType = sourcecode.c.h; name = AUInstrumentBase.h; path = Extras/CoreAudio/AudioUnits/AUPublic/AUInstrumentBase/AUInstrumentBase.h; sourceTree = SYSTEM_DEVELOPER_DIR; };
		24EA1B831153A93A00AD032F /* LockFreeFIFO.h */ = {isa = PBXFileReference; fileEncoding = 4; lastKnownFileType = sourcecode.c.h; name = LockFreeFIFO.h; path = Extras/CoreAudio/AudioUnits/AUPublic/AUInstrumentBase/LockFreeFIFO.h; sourceTree = SYSTEM_DEVELOPER_DIR; };
		24EA1B841153A93A00AD032F /* SynthElement.cpp */ = {isa = PBXFileReference; fileEncoding = 4; lastKnownFileType = sourcecode.cpp.cpp; name = SynthElement.cpp; path = Extras/CoreAudio/AudioUnits/AUPublic/AUInstrumentBase/SynthElement.cpp; sourceTree = SYSTEM_DEVELOPER_DIR; };
		24EA1B851153A93A00AD032F /* SynthElement.h */ = {isa = PBXFileReference; fileEncoding = 4; lastKnownFileType = sourcecode.c.h; name = SynthElement.h; path = Extras/CoreAudio/AudioUnits/AUPublic/AUInstrumentBase/SynthElement.h; sourceTree = SYSTEM_DEVELOPER_DIR; };
		24EA1B861153A93A00AD032F /* SynthEvent.h */ = {isa = PBXFileReference; fileEncoding = 4; lastKnownFileType = sourcecode.c.h; name = SynthEvent.h; path = Extras/CoreAudio/AudioUnits/AUPublic/AUInstrumentBase/SynthEvent.h; sourceTree = SYSTEM_DEVELOPER_DIR; };
		24EA1B871153A93A00AD032F /* SynthNote.cpp */ = {isa = PBXFileReference; fileEncoding = 4; lastKnownFileType = sourcecode.cpp.cpp; name = SynthNote.cpp; path = Extras/CoreAudio/AudioUnits/AUPublic/AUInstrumentBase/SynthNote.cpp; sourceTree = SYSTEM_DEVELOPER_DIR; };
		24EA1B881153A93A00AD032F /* SynthNote.h */ = {isa = PBXFileReference; fileEncoding = 4; lastKnownFileType = sourcecode.c.h; name = SynthNote.h; path = Extras/CoreAudio/AudioUnits/AUPublic/AUInstrumentBase/SynthNote.h; sourceTree = SYSTEM_DEVELOPER_DIR; };
		24EA1B891153A93A00AD032F /* SynthNoteList.cpp */ = {isa = PBXFileReference; fileEncoding = 4; lastKnownFileType = sourcecode.cpp.cpp; name = SynthNoteList.cpp; path = Extras/CoreAudio/AudioUnits/AUPublic/AUInstrumentBase/SynthNoteList.cpp; sourceTree = SYSTEM_DEVELOPER_DIR; };
		24EA1B8A1153A93A00AD032F /* SynthNoteList.h */ = {isa = PBXFileReference; fileEncoding = 4; lastKnownFileType = sourcecode.c.h; name = SynthNoteList.h; path = Extras/CoreAudio/AudioUnits/AUPublic/AUInstrumentBase/SynthNoteList.h; sourceTree = SYSTEM_DEVELOPER_DIR; };
		24EA1B8C1153A93A00AD032F /* AUViewLocalizedStringKeys.h */ = {isa = PBXFileReference; fileEncoding = 4; lastKnownFileType = sourcecode.c.h; name = AUViewLocalizedStringKeys.h; path = Extras/CoreAudio/AudioUnits/AUPublic/AUViewBase/AUViewLocalizedStringKeys.h; sourceTree = SYSTEM_DEVELOPER_DIR; };
		24EA1B8E1153A93A00AD032F /* AUEffectBase.cpp */ = {isa = PBXFileReference; fileEncoding = 4; lastKnownFileType = sourcecode.cpp.cpp; name = AUEffectBase.cpp; path = Extras/CoreAudio/AudioUnits/AUPublic/OtherBases/AUEffectBase.cpp; sourceTree = SYSTEM_DEVELOPER_DIR; };
		24EA1B8F1153A93A00AD032F /* AUEffectBase.h */ = {isa = PBXFileReference; fileEncoding = 4; lastKnownFileType = sourcecode.c.h; name = AUEffectBase.h; path = Extras/CoreAudio/AudioUnits/AUPublic/OtherBases/AUEffectBase.h; sourceTree = SYSTEM_DEVELOPER_DIR; };
		24EA1B901153A93A00AD032F /* AUMIDIBase.cpp */ = {isa = PBXFileReference; fileEncoding = 4; lastKnownFileType = sourcecode.cpp.cpp; name = AUMIDIBase.cpp; path = Extras/CoreAudio/AudioUnits/AUPublic/OtherBases/AUMIDIBase.cpp; sourceTree = SYSTEM_DEVELOPER_DIR; };
		24EA1B911153A93A00AD032F /* AUMIDIBase.h */ = {isa = PBXFileReference; fileEncoding = 4; lastKnownFileType = sourcecode.c.h; name = AUMIDIBase.h; path = Extras/CoreAudio/AudioUnits/AUPublic/OtherBases/AUMIDIBase.h; sourceTree = SYSTEM_DEVELOPER_DIR; };
		24EA1B921153A93A00AD032F /* AUMIDIEffectBase.cpp */ = {isa = PBXFileReference; fileEncoding = 4; lastKnownFileType = sourcecode.cpp.cpp; name = AUMIDIEffectBase.cpp; path = Extras/CoreAudio/AudioUnits/AUPublic/OtherBases/AUMIDIEffectBase.cpp; sourceTree = SYSTEM_DEVELOPER_DIR; };
		24EA1B931153A93A00AD032F /* AUMIDIEffectBase.h */ = {isa = PBXFileReference; fileEncoding = 4; lastKnownFileType = sourcecode.c.h; name = AUMIDIEffectBase.h; path = Extras/CoreAudio/AudioUnits/AUPublic/OtherBases/AUMIDIEffectBase.h; sourceTree = SYSTEM_DEVELOPER_DIR; };
		24EA1B941153A93A00AD032F /* AUOutputBase.cpp */ = {isa = PBXFileReference; fileEncoding = 4; lastKnownFileType = sourcecode.cpp.cpp; name = AUOutputBase.cpp; path = Extras/CoreAudio/AudioUnits/AUPublic/OtherBases/AUOutputBase.cpp; sourceTree = SYSTEM_DEVELOPER_DIR; };
		24EA1B951153A93A00AD032F /* AUOutputBase.h */ = {isa = PBXFileReference; fileEncoding = 4; lastKnownFileType = sourcecode.c.h; name = AUOutputBase.h; path = Extras/CoreAudio/AudioUnits/AUPublic/OtherBases/AUOutputBase.h; sourceTree = SYSTEM_DEVELOPER_DIR; };
		24EA1B961153A93A00AD032F /* AUPannerBase.cpp */ = {isa = PBXFileReference; fileEncoding = 4; lastKnownFileType = sourcecode.cpp.cpp; name = AUPannerBase.cpp; path = Extras/CoreAudio/AudioUnits/AUPublic/OtherBases/AUPannerBase.cpp; sourceTree = SYSTEM_DEVELOPER_DIR; };
		24EA1B971153A93A00AD032F /* AUPannerBase.h */ = {isa = PBXFileReference; fileEncoding = 4; lastKnownFileType = sourcecode.c.h; name = AUPannerBase.h; path = Extras/CoreAudio/AudioUnits/AUPublic/OtherBases/AUPannerBase.h; sourceTree = SYSTEM_DEVELOPER_DIR; };
		24EA1B981153A93A00AD032F /* MusicDeviceBase.cpp */ = {isa = PBXFileReference; fileEncoding = 4; lastKnownFileType = sourcecode.cpp.cpp; name = MusicDeviceBase.cpp; path = Extras/CoreAudio/AudioUnits/AUPublic/OtherBases/MusicDeviceBase.cpp; sourceTree = SYSTEM_DEVELOPER_DIR; };
		24EA1B991153A93A00AD032F /* MusicDeviceBase.h */ = {isa = PBXFileReference; fileEncoding = 4; lastKnownFileType = sourcecode.c.h; name = MusicDeviceBase.h; path = Extras/CoreAudio/AudioUnits/AUPublic/OtherBases/MusicDeviceBase.h; sourceTree = SYSTEM_DEVELOPER_DIR; };
		24EA1B9B1153A93A00AD032F /* AUBaseHelper.cpp */ = {isa = PBXFileReference; fileEncoding = 4; lastKnownFileType = sourcecode.cpp.cpp; name = AUBaseHelper.cpp; path = Extras/CoreAudio/AudioUnits/AUPublic/Utility/AUBaseHelper.cpp; sourceTree = SYSTEM_DEVELOPER_DIR; };
		24EA1B9C1153A93A00AD032F /* AUBaseHelper.h */ = {isa = PBXFileReference; fileEncoding = 4; lastKnownFileType = sourcecode.c.h; name = AUBaseHelper.h; path = Extras/CoreAudio/AudioUnits/AUPublic/Utility/AUBaseHelper.h; sourceTree = SYSTEM_DEVELOPER_DIR; };
		24EA1B9D1153A93A00AD032F /* AUBuffer.cpp */ = {isa = PBXFileReference; fileEncoding = 4; lastKnownFileType = sourcecode.cpp.cpp; name = AUBuffer.cpp; path = Extras/CoreAudio/AudioUnits/AUPublic/Utility/AUBuffer.cpp; sourceTree = SYSTEM_DEVELOPER_DIR; };
		24EA1B9E1153A93A00AD032F /* AUBuffer.h */ = {isa = PBXFileReference; fileEncoding = 4; lastKnownFileType = sourcecode.c.h; name = AUBuffer.h; path = Extras/CoreAudio/AudioUnits/AUPublic/Utility/AUBuffer.h; sourceTree = SYSTEM_DEVELOPER_DIR; };
		24EA1B9F1153A93A00AD032F /* AUDebugDispatcher.cpp */ = {isa = PBXFileReference; fileEncoding = 4; lastKnownFileType = sourcecode.cpp.cpp; name = AUDebugDispatcher.cpp; path = Extras/CoreAudio/AudioUnits/AUPublic/Utility/AUDebugDispatcher.cpp; sourceTree = SYSTEM_DEVELOPER_DIR; };
		24EA1BA01153A93A00AD032F /* AUDebugDispatcher.h */ = {isa = PBXFileReference; fileEncoding = 4; lastKnownFileType = sourcecode.c.h; name = AUDebugDispatcher.h; path = Extras/CoreAudio/AudioUnits/AUPublic/Utility/AUDebugDispatcher.h; sourceTree = SYSTEM_DEVELOPER_DIR; };
		24EA1BA11153A93A00AD032F /* AUInputFormatConverter.h */ = {isa = PBXFileReference; fileEncoding = 4; lastKnownFileType = sourcecode.c.h; name = AUInputFormatConverter.h; path = Extras/CoreAudio/AudioUnits/AUPublic/Utility/AUInputFormatConverter.h; sourceTree = SYSTEM_DEVELOPER_DIR; };
		24EA1BA21153A93A00AD032F /* AUSilentTimeout.h */ = {isa = PBXFileReference; fileEncoding = 4; lastKnownFileType = sourcecode.c.h; name = AUSilentTimeout.h; path = Extras/CoreAudio/AudioUnits/AUPublic/Utility/AUSilentTimeout.h; sourceTree = SYSTEM_DEVELOPER_DIR; };
		24EA1BA31153A93A00AD032F /* AUTimestampGenerator.cpp */ = {isa = PBXFileReference; fileEncoding = 4; lastKnownFileType = sourcecode.cpp.cpp; name = AUTimestampGenerator.cpp; path = Extras/CoreAudio/AudioUnits/AUPublic/Utility/AUTimestampGenerator.cpp; sourceTree = SYSTEM_DEVELOPER_DIR; };
		24EA1BA41153A93A00AD032F /* AUTimestampGenerator.h */ = {isa = PBXFileReference; fileEncoding = 4; lastKnownFileType = sourcecode.c.h; name = AUTimestampGenerator.h; path = Extras/CoreAudio/AudioUnits/AUPublic/Utility/AUTimestampGenerator.h; sourceTree = SYSTEM_DEVELOPER_DIR; };
		24EA1C071153AA3C00AD032F /* CAAUMIDIMap.cpp */ = {isa = PBXFileReference; fileEncoding = 4; lastKnownFileType = sourcecode.cpp.cpp; name = CAAUMIDIMap.cpp; path = Extras/CoreAudio/PublicUtility/CAAUMIDIMap.cpp; sourceTree = SYSTEM_DEVELOPER_DIR; };
		24EA1C081153AA3C00AD032F /* CAAUMIDIMap.h */ = {isa = PBXFileReference; fileEncoding = 4; lastKnownFileType = sourcecode.c.h; name = CAAUMIDIMap.h; path = Extras/CoreAudio/PublicUtility/CAAUMIDIMap.h; sourceTree = SYSTEM_DEVELOPER_DIR; };
		24EA1C091153AA3C00AD032F /* CAAUMIDIMapManager.cpp */ = {isa = PBXFileReference; fileEncoding = 4; lastKnownFileType = sourcecode.cpp.cpp; name = CAAUMIDIMapManager.cpp; path = Extras/CoreAudio/PublicUtility/CAAUMIDIMapManager.cpp; sourceTree = SYSTEM_DEVELOPER_DIR; };
		24EA1C0A1153AA3C00AD032F /* CAAUMIDIMapManager.h */ = {isa = PBXFileReference; fileEncoding = 4; lastKnownFileType = sourcecode.c.h; name = CAAUMIDIMapManager.h; path = Extras/CoreAudio/PublicUtility/CAAUMIDIMapManager.h; sourceTree = SYSTEM_DEVELOPER_DIR; };
		24EA1C0B1153AA3C00AD032F /* CAAUParameter.cpp */ = {isa = PBXFileReference; fileEncoding = 4; lastKnownFileType = sourcecode.cpp.cpp; name = CAAUParameter.cpp; path = Extras/CoreAudio/PublicUtility/CAAUParameter.cpp; sourceTree = SYSTEM_DEVELOPER_DIR; };
		24EA1C0C1153AA3C00AD032F /* CAAUParameter.h */ = {isa = PBXFileReference; fileEncoding = 4; lastKnownFileType = sourcecode.c.h; name = CAAUParameter.h; path = Extras/CoreAudio/PublicUtility/CAAUParameter.h; sourceTree = SYSTEM_DEVELOPER_DIR; };
		24EA1C0D1153AA3C00AD032F /* CAAudioChannelLayout.cpp */ = {isa = PBXFileReference; fileEncoding = 4; lastKnownFileType = sourcecode.cpp.cpp; name = CAAudioChannelLayout.cpp; path = Extras/CoreAudio/PublicUtility/CAAudioChannelLayout.cpp; sourceTree = SYSTEM_DEVELOPER_DIR; };
		24EA1C0E1153AA3C00AD032F /* CAAudioChannelLayout.h */ = {isa = PBXFileReference; fileEncoding = 4; lastKnownFileType = sourcecode.c.h; name = CAAudioChannelLayout.h; path = Extras/CoreAudio/PublicUtility/CAAudioChannelLayout.h; sourceTree = SYSTEM_DEVELOPER_DIR; };
		24EA1C0F1153AA3C00AD032F /* CAMutex.cpp */ = {isa = PBXFileReference; fileEncoding = 4; lastKnownFileType = sourcecode.cpp.cpp; name = CAMutex.cpp; path = Extras/CoreAudio/PublicUtility/CAMutex.cpp; sourceTree = SYSTEM_DEVELOPER_DIR; };
		24EA1C101153AA3C00AD032F /* CAMutex.h */ = {isa = PBXFileReference; fileEncoding = 4; lastKnownFileType = sourcecode.c.h; name = CAMutex.h; path = Extras/CoreAudio/PublicUtility/CAMutex.h; sourceTree = SYSTEM_DEVELOPER_DIR; };
		24EA1C111153AA3C00AD032F /* CAStreamBasicDescription.cpp */ = {isa = PBXFileReference; fileEncoding = 4; lastKnownFileType = sourcecode.cpp.cpp; name = CAStreamBasicDescription.cpp; path = Extras/CoreAudio/PublicUtility/CAStreamBasicDescription.cpp; sourceTree = SYSTEM_DEVELOPER_DIR; };
		24EA1C121153AA3C00AD032F /* CAStreamBasicDescription.h */ = {isa = PBXFileReference; fileEncoding = 4; lastKnownFileType = sourcecode.c.h; name = CAStreamBasicDescription.h; path = Extras/CoreAudio/PublicUtility/CAStreamBasicDescription.h; sourceTree = SYSTEM_DEVELOPER_DIR; };
		24EA1C131153AA3C00AD032F /* CAVectorUnitTypes.h */ = {isa = PBXFileReference; fileEncoding = 4; lastKnownFileType = sourcecode.c.h; name = CAVectorUnitTypes.h; path = Extras/CoreAudio/PublicUtility/CAVectorUnitTypes.h; sourceTree = SYSTEM_DEVELOPER_DIR; };
		24EA1C141153AA3C00AD032F /* CAVectorUnit.cpp */ = {isa = PBXFileReference; fileEncoding = 4; lastKnownFileType = sourcecode.cpp.cpp; name = CAVectorUnit.cpp; path = Extras/CoreAudio/PublicUtility/CAVectorUnit.cpp; sourceTree = SYSTEM_DEVELOPER_DIR; };
		24EA1C151153AA3C00AD032F /* CAVectorUnit.h */ = {isa = PBXFileReference; fileEncoding = 4; lastKnownFileType = sourcecode.c.h; name = CAVectorUnit.h; path = Extras/CoreAudio/PublicUtility/CAVectorUnit.h; sourceTree = SYSTEM_DEVELOPER_DIR; };
		24F111C40AFE5F1800EE38A1 /* defaults.h */ = {isa = PBXFileReference; fileEncoding = 30; lastKnownFileType = sourcecode.c.h; name = defaults.h; path = source/defaults.h; sourceTree = "<group>"; };
		24F111C50AFE5F1800EE38A1 /* AUNotes.cpp */ = {isa = PBXFileReference; fileEncoding = 30; lastKnownFileType = sourcecode.cpp.cpp; name = AUNotes.cpp; path = source/AUNotes.cpp; sourceTree = "<group>"; };
		24F111C60AFE5F1800EE38A1 /* AUNotes.h */ = {isa = PBXFileReference; fileEncoding = 30; lastKnownFileType = sourcecode.c.h; name = AUNotes.h; path = source/AUNotes.h; sourceTree = "<group>"; };
		24F111C80AFE5F1800EE38A1 /* AUNotesView.cpp */ = {isa = PBXFileReference; fileEncoding = 30; lastKnownFileType = sourcecode.cpp.cpp; name = AUNotesView.cpp; path = source/AUNotesView.cpp; sourceTree = "<group>"; };
		24F111C90AFE5F1800EE38A1 /* AUNotesView.h */ = {isa = PBXFileReference; fileEncoding = 30; lastKnownFileType = sourcecode.c.h; name = AUNotesView.h; path = source/AUNotesView.h; sourceTree = "<group>"; };
		24F112610AFE6C3500EE38A1 /* ApplicationServices.framework */ = {isa = PBXFileReference; lastKnownFileType = wrapper.framework; name = ApplicationServices.framework; path = /System/Library/Frameworks/ApplicationServices.framework; sourceTree = "<absolute>"; };
		24F112640AFE6C4E00EE38A1 /* System.framework */ = {isa = PBXFileReference; lastKnownFileType = wrapper.framework; name = System.framework; path = /System/Library/Frameworks/System.framework; sourceTree = "<absolute>"; };
		32BAE0B30371A71500C91783 /* prefix.pch */ = {isa = PBXFileReference; fileEncoding = 4; lastKnownFileType = sourcecode.c.h; name = prefix.pch; path = source/prefix.pch; sourceTree = "<group>"; };
		8B5C7F83076FB26000A15F61 /* CoreAudio.framework */ = {isa = PBXFileReference; lastKnownFileType = wrapper.framework; name = CoreAudio.framework; path = /System/Library/Frameworks/CoreAudio.framework; sourceTree = "<absolute>"; };
		8BA05A670720730100365D66 /* AUNotes.exp */ = {isa = PBXFileReference; fileEncoding = 30; lastKnownFileType = sourcecode.exports; name = AUNotes.exp; path = resources/AUNotes.exp; sourceTree = "<group>"; };
		8BA05A680720730100365D66 /* AUNotes.r */ = {isa = PBXFileReference; fileEncoding = 30; lastKnownFileType = sourcecode.rez; name = AUNotes.r; path = source/AUNotes.r; sourceTree = "<group>"; };
		8BA05AF9072074E100365D66 /* AudioToolbox.framework */ = {isa = PBXFileReference; lastKnownFileType = wrapper.framework; name = AudioToolbox.framework; path = /System/Library/Frameworks/AudioToolbox.framework; sourceTree = "<absolute>"; };
		8BA05AFA072074E100365D66 /* AudioUnit.framework */ = {isa = PBXFileReference; lastKnownFileType = wrapper.framework; name = AudioUnit.framework; path = /System/Library/Frameworks/AudioUnit.framework; sourceTree = "<absolute>"; };
		8BA05B01072074F900365D66 /* CoreServices.framework */ = {isa = PBXFileReference; lastKnownFileType = wrapper.framework; name = CoreServices.framework; path = /System/Library/Frameworks/CoreServices.framework; sourceTree = "<absolute>"; };
		8D01CCD10486CAD60068D4B7 /* Info.plist */ = {isa = PBXFileReference; fileEncoding = 4; lastKnownFileType = text.plist.xml; name = Info.plist; path = resources/Info.plist; sourceTree = "<group>"; };
		8D01CCD20486CAD60068D4B7 /* AUNotes.component */ = {isa = PBXFileReference; explicitFileType = wrapper.cfbundle; includeInIndex = 0; path = AUNotes.component; sourceTree = BUILT_PRODUCTS_DIR; };
/* End PBXFileReference section */

/* Begin PBXFrameworksBuildPhase section */
		8D01CCCD0486CAD60068D4B7 /* Frameworks */ = {
			isa = PBXFrameworksBuildPhase;
			buildActionMask = 2147483647;
			files = (
				24F112620AFE6C3500EE38A1 /* ApplicationServices.framework in Frameworks */,
				8BA05AFC072074E100365D66 /* AudioToolbox.framework in Frameworks */,
				8BA05AFD072074E100365D66 /* AudioUnit.framework in Frameworks */,
				8D01CCCE0486CAD60068D4B7 /* Carbon.framework in Frameworks */,
				24EA1BE41153A9D000AD032F /* CoreAudio.framework in Frameworks */,
				242B7E45115543DD007BF7FA /* CoreFoundation.framework in Frameworks */,
				8BA05B02072074F900365D66 /* CoreServices.framework in Frameworks */,
				24E2BB24095FC2990033FD40 /* QuickTime.framework in Frameworks */,
				24F112650AFE6C4E00EE38A1 /* System.framework in Frameworks */,
			);
			runOnlyForDeploymentPostprocessing = 0;
		};
/* End PBXFrameworksBuildPhase section */

/* Begin PBXGroup section */
		089C166AFE841209C02AAC07 /* Notepad */ = {
			isa = PBXGroup;
			children = (
				08FB77ADFE841716C02AAC07 /* AU Source */,
				089C1671FE841209C02AAC07 /* External Frameworks and Libraries */,
				19C28FB4FE9D528D11CA2CBB /* Products */,
				089C167CFE841241C02AAC07 /* Resources */,
				8BA05A56072072A900365D66 /* Source */,
			);
			name = Notepad;
			sourceTree = "<group>";
		};
		089C1671FE841209C02AAC07 /* External Frameworks and Libraries */ = {
			isa = PBXGroup;
			children = (
				24F112610AFE6C3500EE38A1 /* ApplicationServices.framework */,
				8BA05AF9072074E100365D66 /* AudioToolbox.framework */,
				8BA05AFA072074E100365D66 /* AudioUnit.framework */,
				08EA7FFBFE8413EDC02AAC07 /* Carbon.framework */,
				8B5C7F83076FB26000A15F61 /* CoreAudio.framework */,
				242B7E44115543DD007BF7FA /* CoreFoundation.framework */,
				8BA05B01072074F900365D66 /* CoreServices.framework */,
				24E2BAFF095FC2990033FD40 /* QuickTime.framework */,
				24F112640AFE6C4E00EE38A1 /* System.framework */,
			);
			name = "External Frameworks and Libraries";
			sourceTree = "<group>";
		};
		089C167CFE841241C02AAC07 /* Resources */ = {
			isa = PBXGroup;
			children = (
				8BA05A670720730100365D66 /* AUNotes.exp */,
				8D01CCD10486CAD60068D4B7 /* Info.plist */,
				089C167DFE841241C02AAC07 /* InfoPlist.strings */,
				242B7CC511550B73007BF7FA /* MainWindow.xib */,
			);
			name = Resources;
			sourceTree = "<group>";
		};
		08FB77ADFE841716C02AAC07 /* AU Source */ = {
			isa = PBXGroup;
			children = (
				24EA1B671153A93A00AD032F /* AUPublic */,
				24EA1C061153AA3C00AD032F /* PublicUtility */,
			);
			name = "AU Source";
			sourceTree = "<group>";
		};
		19C28FB4FE9D528D11CA2CBB /* Products */ = {
			isa = PBXGroup;
			children = (
				8D01CCD20486CAD60068D4B7 /* AUNotes.component */,
			);
			name = Products;
			sourceTree = "<group>";
		};
		24EA1B671153A93A00AD032F /* AUPublic */ = {
			isa = PBXGroup;
			children = (
				24EA1B681153A93A00AD032F /* AUBase */,
				24EA1B761153A93A00AD032F /* AUCarbonViewBase */,
				24EA1B801153A93A00AD032F /* AUInstrumentBase */,
				24EA1B8B1153A93A00AD032F /* AUViewBase */,
				24EA1B8D1153A93A00AD032F /* OtherBases */,
				24EA1B9A1153A93A00AD032F /* Utility */,
			);
			name = AUPublic;
			path = Extras/CoreAudio/AudioUnits/AUPublic;
			sourceTree = SYSTEM_DEVELOPER_DIR;
		};
		24EA1B681153A93A00AD032F /* AUBase */ = {
			isa = PBXGroup;
			children = (
				24EA1B691153A93A00AD032F /* AUBase.cpp */,
				24EA1B6A1153A93A00AD032F /* AUBase.h */,
				24EA1B6B1153A93A00AD032F /* AUDispatch.cpp */,
				24EA1B6C1153A93A00AD032F /* AUDispatch.h */,
				24EA1B6D1153A93A00AD032F /* AUInputElement.cpp */,
				24EA1B6E1153A93A00AD032F /* AUInputElement.h */,
				24EA1B6F1153A93A00AD032F /* AUOutputElement.cpp */,
				24EA1B701153A93A00AD032F /* AUOutputElement.h */,
				24EA1B711153A93A00AD032F /* AUResources.r */,
				24EA1B721153A93A00AD032F /* AUScopeElement.cpp */,
				24EA1B731153A93A00AD032F /* AUScopeElement.h */,
				24EA1B741153A93A00AD032F /* ComponentBase.cpp */,
				24EA1B751153A93A00AD032F /* ComponentBase.h */,
			);
			name = AUBase;
			path = Extras/CoreAudio/AudioUnits/AUPublic/AUBase;
			sourceTree = SYSTEM_DEVELOPER_DIR;
		};
		24EA1B761153A93A00AD032F /* AUCarbonViewBase */ = {
			isa = PBXGroup;
			children = (
				24EA1B771153A93A00AD032F /* AUCarbonViewBase.cpp */,
				24EA1B781153A93A00AD032F /* AUCarbonViewBase.h */,
				24EA1B791153A93A00AD032F /* AUCarbonViewControl.cpp */,
				24EA1B7A1153A93A00AD032F /* AUCarbonViewControl.h */,
				24EA1B7B1153A93A00AD032F /* AUCarbonViewDispatch.cpp */,
				24EA1B7C1153A93A00AD032F /* AUControlGroup.cpp */,
				24EA1B7D1153A93A00AD032F /* AUControlGroup.h */,
				24EA1B7E1153A93A00AD032F /* CarbonEventHandler.cpp */,
				24EA1B7F1153A93A00AD032F /* CarbonEventHandler.h */,
			);
			name = AUCarbonViewBase;
			path = Extras/CoreAudio/AudioUnits/AUPublic/AUCarbonViewBase;
			sourceTree = SYSTEM_DEVELOPER_DIR;
		};
		24EA1B801153A93A00AD032F /* AUInstrumentBase */ = {
			isa = PBXGroup;
			children = (
				24EA1B811153A93A00AD032F /* AUInstrumentBase.cpp */,
				24EA1B821153A93A00AD032F /* AUInstrumentBase.h */,
				24EA1B831153A93A00AD032F /* LockFreeFIFO.h */,
				24EA1B841153A93A00AD032F /* SynthElement.cpp */,
				24EA1B851153A93A00AD032F /* SynthElement.h */,
				24EA1B861153A93A00AD032F /* SynthEvent.h */,
				24EA1B871153A93A00AD032F /* SynthNote.cpp */,
				24EA1B881153A93A00AD032F /* SynthNote.h */,
				24EA1B891153A93A00AD032F /* SynthNoteList.cpp */,
				24EA1B8A1153A93A00AD032F /* SynthNoteList.h */,
			);
			name = AUInstrumentBase;
			path = Extras/CoreAudio/AudioUnits/AUPublic/AUInstrumentBase;
			sourceTree = SYSTEM_DEVELOPER_DIR;
		};
		24EA1B8B1153A93A00AD032F /* AUViewBase */ = {
			isa = PBXGroup;
			children = (
				24EA1B8C1153A93A00AD032F /* AUViewLocalizedStringKeys.h */,
			);
			name = AUViewBase;
			path = Extras/CoreAudio/AudioUnits/AUPublic/AUViewBase;
			sourceTree = SYSTEM_DEVELOPER_DIR;
		};
		24EA1B8D1153A93A00AD032F /* OtherBases */ = {
			isa = PBXGroup;
			children = (
				24EA1B8E1153A93A00AD032F /* AUEffectBase.cpp */,
				24EA1B8F1153A93A00AD032F /* AUEffectBase.h */,
				24EA1B901153A93A00AD032F /* AUMIDIBase.cpp */,
				24EA1B911153A93A00AD032F /* AUMIDIBase.h */,
				24EA1B921153A93A00AD032F /* AUMIDIEffectBase.cpp */,
				24EA1B931153A93A00AD032F /* AUMIDIEffectBase.h */,
				24EA1B941153A93A00AD032F /* AUOutputBase.cpp */,
				24EA1B951153A93A00AD032F /* AUOutputBase.h */,
				24EA1B961153A93A00AD032F /* AUPannerBase.cpp */,
				24EA1B971153A93A00AD032F /* AUPannerBase.h */,
				24EA1B981153A93A00AD032F /* MusicDeviceBase.cpp */,
				24EA1B991153A93A00AD032F /* MusicDeviceBase.h */,
			);
			name = OtherBases;
			path = Extras/CoreAudio/AudioUnits/AUPublic/OtherBases;
			sourceTree = SYSTEM_DEVELOPER_DIR;
		};
		24EA1B9A1153A93A00AD032F /* Utility */ = {
			isa = PBXGroup;
			children = (
				24EA1B9B1153A93A00AD032F /* AUBaseHelper.cpp */,
				24EA1B9C1153A93A00AD032F /* AUBaseHelper.h */,
				24EA1B9D1153A93A00AD032F /* AUBuffer.cpp */,
				24EA1B9E1153A93A00AD032F /* AUBuffer.h */,
				24EA1B9F1153A93A00AD032F /* AUDebugDispatcher.cpp */,
				24EA1BA01153A93A00AD032F /* AUDebugDispatcher.h */,
				24EA1BA11153A93A00AD032F /* AUInputFormatConverter.h */,
				24EA1BA21153A93A00AD032F /* AUSilentTimeout.h */,
				24EA1BA31153A93A00AD032F /* AUTimestampGenerator.cpp */,
				24EA1BA41153A93A00AD032F /* AUTimestampGenerator.h */,
			);
			name = Utility;
			path = Extras/CoreAudio/AudioUnits/AUPublic/Utility;
			sourceTree = SYSTEM_DEVELOPER_DIR;
		};
		24EA1C061153AA3C00AD032F /* PublicUtility */ = {
			isa = PBXGroup;
			children = (
				24EA1C071153AA3C00AD032F /* CAAUMIDIMap.cpp */,
				24EA1C081153AA3C00AD032F /* CAAUMIDIMap.h */,
				24EA1C091153AA3C00AD032F /* CAAUMIDIMapManager.cpp */,
				24EA1C0A1153AA3C00AD032F /* CAAUMIDIMapManager.h */,
				24EA1C0B1153AA3C00AD032F /* CAAUParameter.cpp */,
				24EA1C0C1153AA3C00AD032F /* CAAUParameter.h */,
				24EA1C0D1153AA3C00AD032F /* CAAudioChannelLayout.cpp */,
				24EA1C0E1153AA3C00AD032F /* CAAudioChannelLayout.h */,
				24EA1C0F1153AA3C00AD032F /* CAMutex.cpp */,
				24EA1C101153AA3C00AD032F /* CAMutex.h */,
				24EA1C111153AA3C00AD032F /* CAStreamBasicDescription.cpp */,
				24EA1C121153AA3C00AD032F /* CAStreamBasicDescription.h */,
				24EA1C131153AA3C00AD032F /* CAVectorUnitTypes.h */,
				24EA1C141153AA3C00AD032F /* CAVectorUnit.cpp */,
				24EA1C151153AA3C00AD032F /* CAVectorUnit.h */,
			);
			name = PublicUtility;
			path = Extras/CoreAudio/PublicUtility;
			sourceTree = SYSTEM_DEVELOPER_DIR;
		};
		8BA05A56072072A900365D66 /* Source */ = {
			isa = PBXGroup;
			children = (
				24F111C50AFE5F1800EE38A1 /* AUNotes.cpp */,
				24F111C80AFE5F1800EE38A1 /* AUNotesView.cpp */,
				24F111C60AFE5F1800EE38A1 /* AUNotes.h */,
				24F111C90AFE5F1800EE38A1 /* AUNotesView.h */,
				24F111C40AFE5F1800EE38A1 /* defaults.h */,
				242B7D9F1155333D007BF7FA /* NoteReader.h */,
				242B7DCA115535BF007BF7FA /* NoteWriter.h */,
				32BAE0B30371A71500C91783 /* prefix.pch */,
				8BA05A680720730100365D66 /* AUNotes.r */,
			);
			name = Source;
			sourceTree = "<group>";
		};
/* End PBXGroup section */

/* Begin PBXHeadersBuildPhase section */
		8D01CCC70486CAD60068D4B7 /* Headers */ = {
			isa = PBXHeadersBuildPhase;
			buildActionMask = 2147483647;
			files = (
				8D01CCC80486CAD60068D4B7 /* prefix.pch in Headers */,
				24F111CA0AFE5F1800EE38A1 /* defaults.h in Headers */,
				24F111CC0AFE5F1800EE38A1 /* AUNotes.h in Headers */,
				24F111CF0AFE5F1800EE38A1 /* AUNotesView.h in Headers */,
				24EA1BA61153A93A00AD032F /* AUBase.h in Headers */,
				24EA1BA81153A93A00AD032F /* AUDispatch.h in Headers */,
				24EA1BAA1153A93A00AD032F /* AUInputElement.h in Headers */,
				24EA1BAC1153A93A00AD032F /* AUOutputElement.h in Headers */,
				24EA1BAF1153A93A00AD032F /* AUScopeElement.h in Headers */,
				24EA1BB11153A93A00AD032F /* ComponentBase.h in Headers */,
				24EA1BB31153A93A00AD032F /* AUCarbonViewBase.h in Headers */,
				24EA1BB51153A93A00AD032F /* AUCarbonViewControl.h in Headers */,
				24EA1BB81153A93A00AD032F /* AUControlGroup.h in Headers */,
				24EA1BBA1153A93A00AD032F /* CarbonEventHandler.h in Headers */,
				24EA1BC51153A93A00AD032F /* AUViewLocalizedStringKeys.h in Headers */,
				24EA1BC71153A93A00AD032F /* AUEffectBase.h in Headers */,
				24EA1C171153AA3C00AD032F /* CAAUMIDIMap.h in Headers */,
				24EA1C191153AA3C00AD032F /* CAAUMIDIMapManager.h in Headers */,
				24EA1C1B1153AA3C00AD032F /* CAAUParameter.h in Headers */,
				24EA1C1D1153AA3C00AD032F /* CAAudioChannelLayout.h in Headers */,
				24EA1C1F1153AA3C00AD032F /* CAMutex.h in Headers */,
				24EA1C211153AA3C00AD032F /* CAStreamBasicDescription.h in Headers */,
				24EA1C221153AA3C00AD032F /* CAVectorUnitTypes.h in Headers */,
				24EA1C241153AA3C00AD032F /* CAVectorUnit.h in Headers */,
				24EA1C361153AB1900AD032F /* AUBaseHelper.h in Headers */,
				24EA1C381153AB1900AD032F /* AUBuffer.h in Headers */,
				24EA1C3A1153AB1900AD032F /* AUDebugDispatcher.h in Headers */,
				24EA1C3B1153AB1900AD032F /* AUInputFormatConverter.h in Headers */,
				24EA1C3C1153AB1900AD032F /* AUSilentTimeout.h in Headers */,
				242B7DA01155333D007BF7FA /* NoteReader.h in Headers */,
				242B7DCB115535BF007BF7FA /* NoteWriter.h in Headers */,
			);
			runOnlyForDeploymentPostprocessing = 0;
		};
/* End PBXHeadersBuildPhase section */

/* Begin PBXNativeTarget section */
		8D01CCC60486CAD60068D4B7 /* AUNotes */ = {
			isa = PBXNativeTarget;
			buildConfigurationList = 3E8294950898372A000D06AC /* Build configuration list for PBXNativeTarget "AUNotes" */;
			buildPhases = (
				8D01CCC70486CAD60068D4B7 /* Headers */,
				8D01CCC90486CAD60068D4B7 /* Resources */,
				8D01CCCB0486CAD60068D4B7 /* Sources */,
				8D01CCCF0486CAD60068D4B7 /* Rez */,
				8D01CCCD0486CAD60068D4B7 /* Frameworks */,
				240D18AD0954ADAA0037DE87 /* Install AU */,
			);
			buildRules = (
			);
			dependencies = (
			);
			name = AUNotes;
			productInstallPath = "$(HOME)/Library/Bundles";
			productName = Notepad;
			productReference = 8D01CCD20486CAD60068D4B7 /* AUNotes.component */;
			productType = "com.apple.product-type.bundle";
		};
/* End PBXNativeTarget section */

/* Begin PBXProject section */
		089C1669FE841209C02AAC07 /* Project object */ = {
			isa = PBXProject;
			buildConfigurationList = 3E8294980898372A000D06AC /* Build configuration list for PBXProject "AUNotes" */;
			compatibilityVersion = "Xcode 2.4";
			hasScannedForEncodings = 1;
			mainGroup = 089C166AFE841209C02AAC07 /* Notepad */;
			projectDirPath = "";
			projectRoot = "";
			targets = (
				8D01CCC60486CAD60068D4B7 /* AUNotes */,
			);
		};
/* End PBXProject section */

/* Begin PBXResourcesBuildPhase section */
		8D01CCC90486CAD60068D4B7 /* Resources */ = {
			isa = PBXResourcesBuildPhase;
			buildActionMask = 2147483647;
			files = (
				8D01CCCA0486CAD60068D4B7 /* InfoPlist.strings in Resources */,
				242B7CC611550B73007BF7FA /* MainWindow.xib in Resources */,
			);
			runOnlyForDeploymentPostprocessing = 0;
		};
/* End PBXResourcesBuildPhase section */

/* Begin PBXRezBuildPhase section */
		8D01CCCF0486CAD60068D4B7 /* Rez */ = {
			isa = PBXRezBuildPhase;
			buildActionMask = 2147483647;
			files = (
				8B4119230749635800361ABE /* AUNotes.r in Rez */,
			);
			runOnlyForDeploymentPostprocessing = 0;
		};
/* End PBXRezBuildPhase section */

/* Begin PBXShellScriptBuildPhase section */
		240D18AD0954ADAA0037DE87 /* Install AU */ = {
			isa = PBXShellScriptBuildPhase;
			buildActionMask = 2147483647;
			files = (
			);
			inputPaths = (
			);
			name = "Install AU";
			outputPaths = (
			);
			runOnlyForDeploymentPostprocessing = 0;
			shellPath = /bin/sh;
			shellScript = "rm -rf $HOME/Library/Audio/Plug-ins/Components/$PROJECT_NAME.component\ncp -r $BUILT_PRODUCTS_DIR/$PROJECT_NAME.component $HOME/Library/Audio/Plug-ins/Components";
		};
/* End PBXShellScriptBuildPhase section */

/* Begin PBXSourcesBuildPhase section */
		8D01CCCB0486CAD60068D4B7 /* Sources */ = {
			isa = PBXSourcesBuildPhase;
			buildActionMask = 2147483647;
			files = (
				24F111CB0AFE5F1800EE38A1 /* AUNotes.cpp in Sources */,
				24F111CE0AFE5F1800EE38A1 /* AUNotesView.cpp in Sources */,
				24EA1BA51153A93A00AD032F /* AUBase.cpp in Sources */,
				24EA1BA71153A93A00AD032F /* AUDispatch.cpp in Sources */,
				24EA1BA91153A93A00AD032F /* AUInputElement.cpp in Sources */,
				24EA1BAB1153A93A00AD032F /* AUOutputElement.cpp in Sources */,
				24EA1BAE1153A93A00AD032F /* AUScopeElement.cpp in Sources */,
				24EA1BB01153A93A00AD032F /* ComponentBase.cpp in Sources */,
				24EA1BB21153A93A00AD032F /* AUCarbonViewBase.cpp in Sources */,
				24EA1BB41153A93A00AD032F /* AUCarbonViewControl.cpp in Sources */,
				24EA1BB61153A93A00AD032F /* AUCarbonViewDispatch.cpp in Sources */,
				24EA1BB71153A93A00AD032F /* AUControlGroup.cpp in Sources */,
				24EA1BB91153A93A00AD032F /* CarbonEventHandler.cpp in Sources */,
				24EA1BC61153A93A00AD032F /* AUEffectBase.cpp in Sources */,
				24EA1C161153AA3C00AD032F /* CAAUMIDIMap.cpp in Sources */,
				24EA1C181153AA3C00AD032F /* CAAUMIDIMapManager.cpp in Sources */,
				24EA1C1A1153AA3C00AD032F /* CAAUParameter.cpp in Sources */,
				24EA1C1C1153AA3C00AD032F /* CAAudioChannelLayout.cpp in Sources */,
				24EA1C1E1153AA3C00AD032F /* CAMutex.cpp in Sources */,
				24EA1C201153AA3C00AD032F /* CAStreamBasicDescription.cpp in Sources */,
				24EA1C231153AA3C00AD032F /* CAVectorUnit.cpp in Sources */,
				24EA1C351153AB1900AD032F /* AUBaseHelper.cpp in Sources */,
				24EA1C371153AB1900AD032F /* AUBuffer.cpp in Sources */,
				24EA1C391153AB1900AD032F /* AUDebugDispatcher.cpp in Sources */,
			);
			runOnlyForDeploymentPostprocessing = 0;
		};
/* End PBXSourcesBuildPhase section */

/* Begin PBXVariantGroup section */
		089C167DFE841241C02AAC07 /* InfoPlist.strings */ = {
			isa = PBXVariantGroup;
			children = (
				089C167EFE841241C02AAC07 /* InfoPlist.strings */,
			);
			name = InfoPlist.strings;
			path = resources/English.lproj;
			sourceTree = "<group>";
		};
/* End PBXVariantGroup section */

/* Begin XCBuildConfiguration section */
		3E8294960898372A000D06AC /* Debug */ = {
			isa = XCBuildConfiguration;
			buildSettings = {
				ARCHS = "$(ARCHS_STANDARD_32_BIT_PRE_XCODE_3_1)";
				ARCHS_STANDARD_32_BIT_PRE_XCODE_3_1 = "ppc i386";
				COPY_PHASE_STRIP = NO;
				DEBUGGING_SYMBOLS = YES;
				DEPLOYMENT_LOCATION = NO;
				EXPORTED_SYMBOLS_FILE = ./resources/AUNotes.exp;
				FRAMEWORK_SEARCH_PATHS = "";
				GCC_DYNAMIC_NO_PIC = NO;
				GCC_ENABLE_FIX_AND_CONTINUE = NO;
				GCC_ENABLE_TRIGRAPHS = NO;
				GCC_GENERATE_DEBUGGING_SYMBOLS = YES;
				GCC_OPTIMIZATION_LEVEL = 0;
				GCC_PRECOMPILE_PREFIX_HEADER = YES;
				GCC_PREFIX_HEADER = ./source/prefix.pch;
				GCC_PREPROCESSOR_DEFINITIONS = DEBUG;
				GCC_WARN_ABOUT_MISSING_PROTOTYPES = NO;
				GCC_WARN_FOUR_CHARACTER_CONSTANTS = NO;
				GCC_WARN_UNKNOWN_PRAGMAS = NO;
				GENERATE_PKGINFO_FILE = YES;
				HEADER_SEARCH_PATHS = "";
				INFOPLIST_FILE = ./resources/Info.plist;
				INSTALL_PATH = "$(HOME)/Library/Audio/Plug-Ins/Components/";
				LIBRARY_SEARCH_PATHS = "";
				LIBRARY_STYLE = Bundle;
				OTHER_CFLAGS = "";
				OTHER_LDFLAGS = "-bundle";
				OTHER_REZFLAGS = "-d ppc_$ppc -d i386_$i386 -I /System/Library/Frameworks/CoreServices.framework/Frameworks/CarbonCore.framework/Versions/A/Headers -I /Developer/Examples/CoreAudio/AudioUnits/AUPublic/AUBase";
				PRODUCT_NAME = AUNotes;
				REZ_PREPROCESSOR_DEFINITIONS = DEBUG;
				REZ_SEARCH_PATHS = (
					/System/Library/Frameworks/CoreServices.framework/Frameworks/CarbonCore.framework/Versions/A/Headers,
					/Developer/Examples/CoreAudio/AudioUnits/AUPublic/AUBase,
				);
				SECTORDER_FLAGS = "";
				WARNING_CFLAGS = (
					"-Wmost",
					"-Wno-four-char-constants",
					"-Wno-unknown-pragmas",
				);
				WRAPPER_EXTENSION = component;
				ZERO_LINK = NO;
			};
			name = Debug;
		};
		3E8294970898372A000D06AC /* Release */ = {
			isa = XCBuildConfiguration;
			buildSettings = {
				ARCHS = "$(ARCHS_STANDARD_32_BIT_PRE_XCODE_3_1)";
				ARCHS_STANDARD_32_BIT_PRE_XCODE_3_1 = "ppc i386";
				COPY_PHASE_STRIP = YES;
				DEAD_CODE_STRIPPING = YES;
				DEPLOYMENT_LOCATION = NO;
				EXPORTED_SYMBOLS_FILE = ./resources/AUNotes.exp;
				FRAMEWORK_SEARCH_PATHS = "";
				GCC_ENABLE_FIX_AND_CONTINUE = NO;
				GCC_ENABLE_TRIGRAPHS = NO;
				GCC_GENERATE_DEBUGGING_SYMBOLS = NO;
				GCC_PRECOMPILE_PREFIX_HEADER = YES;
				GCC_PREFIX_HEADER = ./source/prefix.pch;
				GCC_PREPROCESSOR_DEFINITIONS = "";
				GCC_WARN_ABOUT_MISSING_PROTOTYPES = NO;
				GCC_WARN_FOUR_CHARACTER_CONSTANTS = NO;
				GCC_WARN_UNKNOWN_PRAGMAS = NO;
				GENERATE_PKGINFO_FILE = YES;
				HEADER_SEARCH_PATHS = "";
				INFOPLIST_FILE = ./resources/Info.plist;
				INSTALL_PATH = "$(HOME)/Library/Audio/Plug-Ins/Components/";
				LIBRARY_SEARCH_PATHS = "";
				LIBRARY_STYLE = Bundle;
				OTHER_CFLAGS = "";
				OTHER_LDFLAGS = "-bundle";
				OTHER_REZFLAGS = "-d ppc_$ppc -d i386_$i386 -I /System/Library/Frameworks/CoreServices.framework/Frameworks/CarbonCore.framework/Versions/A/Headers -I /Developer/Examples/CoreAudio/AudioUnits/AUPublic/AUBase";
				PRESERVE_DEAD_CODE_INITS_AND_TERMS = YES;
				PRODUCT_NAME = AUNotes;
				REZ_SEARCH_PATHS = (
					/System/Library/Frameworks/CoreServices.framework/Frameworks/CarbonCore.framework/Versions/A/Headers,
					/Developer/Examples/CoreAudio/AudioUnits/AUPublic/AUBase,
				);
				SECTORDER_FLAGS = "";
				WARNING_CFLAGS = (
					"-Wmost",
					"-Wno-four-char-constants",
					"-Wno-unknown-pragmas",
				);
				WRAPPER_EXTENSION = component;
				ZERO_LINK = NO;
			};
			name = Release;
		};
		3E8294990898372A000D06AC /* Debug */ = {
			isa = XCBuildConfiguration;
			buildSettings = {
				MACOSX_DEPLOYMENT_TARGET = 10.4;
				OTHER_REZFLAGS = "-d ppc_$ppc -d i386_$i386";
				SDKROOT = /Developer/SDKs/MacOSX10.5.sdk;
			};
			name = Debug;
		};
		3E82949A0898372A000D06AC /* Release */ = {
			isa = XCBuildConfiguration;
			buildSettings = {
				ARCHS = "$(ARCHS_STANDARD_32_BIT_PRE_XCODE_3_1)";
				ARCHS_STANDARD_32_BIT_PRE_XCODE_3_1 = "ppc i386";
				MACOSX_DEPLOYMENT_TARGET = 10.4;
				OTHER_REZFLAGS = "-d ppc_$ppc -d i386_$i386";
				SDKROOT = /Developer/SDKs/MacOSX10.5.sdk;
			};
			name = Release;
		};
/* End XCBuildConfiguration section */

/* Begin XCConfigurationList section */
		3E8294950898372A000D06AC /* Build configuration list for PBXNativeTarget "AUNotes" */ = {
			isa = XCConfigurationList;
			buildConfigurations = (
				3E8294960898372A000D06AC /* Debug */,
				3E8294970898372A000D06AC /* Release */,
			);
			defaultConfigurationIsVisible = 0;
			defaultConfigurationName = Debug;
		};
		3E8294980898372A000D06AC /* Build configuration list for PBXProject "AUNotes" */ = {
			isa = XCConfigurationList;
			buildConfigurations = (
				3E8294990898372A000D06AC /* Debug */,
				3E82949A0898372A000D06AC /* Release */,
			);
			defaultConfigurationIsVisible = 0;
			defaultConfigurationName = Debug;
		};
/* End XCConfigurationList section */
	};
	rootObject = 089C1669FE841209C02AAC07 /* Project object */;
}
