Microsoft Visual Studio Solution File, Format Version 11.00
# Visual Studio 2012
Project("{B2CE0AA1-1A75-3E60-04E5-C02A5B1A674D}") = "ExtraNotes", "ExtraNotes.vcxproj", "{69C3187F-C64C-D84F-6C3A-ACCFDFD08073}"
EndProject
Global
	GlobalSection(SolutionConfigurationPlatforms) = preSolution
		Debug|Win32 = Debug|Win32
		Release|Win32 = Release|Win32
	EndGlobalSection
	GlobalSection(ProjectConfigurationPlatforms) = postSolution
		{69C3187F-C64C-D84F-6C3A-ACCFDFD08073}.Debug|Win32.ActiveCfg = Debug|Win32
		{69C3187F-C64C-D84F-6C3A-ACCFDFD08073}.Debug|Win32.Build.0 = Debug|Win32
		{69C3187F-C64C-D84F-6C3A-ACCFDFD08073}.Release|Win32.ActiveCfg = Release|Win32
		{69C3187F-C64C-D84F-6C3A-ACCFDFD08073}.Release|Win32.Build.0 = Release|Win32
	EndGlobalSection
	GlobalSection(SolutionProperties) = preSolution
		HideSolutionNode = FALSE
	EndGlobalSection
EndGlobal
